{
  "nodes": {
    "nixpkgs": {
      "locked": {
        "lastModified": 1724379890,
        "narHash": "sha256-fqc6Ap4p0L1rctHBufmshSA1igBOitgiVVK5TM9eQZw=",
        "owner": "NixOS",
        "repo": "nixpkgs",
        "rev": "d0c400e0fb9796051e2d4d4dcd2a1f41c77123ee",
        "type": "github"
      },
      "original": {
        "owner": "NixOS",
        "repo": "nixpkgs",
        "type": "github"
      }
    },
    "root": {
      "inputs": {
        "nixpkgs": "nixpkgs"
      }
    }
  },
  "root": "root",
  "version": 7
}
