version = 1
revision = 3
requires-python = ">=3.12"

[[package]]
name = "dotfiles"
version = "0.1.0"
source = { virtual = "." }
dependencies = [
    { name = "ty" },
]

[package.metadata]
requires-dist = [{ name = "ty", specifier = ">=0.0.25" }]

[[package]]
name = "ty"
version = "0.0.25"
source = { registry = "https://pypi.org/simple" }
sdist = { url = "https://files.pythonhosted.org/packages/12/bf/3c3147c7237277b0e8a911ff89de7183408be96b31fb42b38edb666d287f/ty-0.0.25.tar.gz", hash = "sha256:8ae3891be17dfb6acab51a2df3a8f8f6c551eb60ea674c10946dc92aae8d4401", size = 5375500, upload-time = "2026-03-24T22:32:34.608Z" }
wheels = [
    { url = "https://files.pythonhosted.org/packages/97/a4/6c289cbd1474285223124a4ffb55c078dbe9ae1d925d0b6a948643c7f115/ty-0.0.25-py3-none-linux_armv6l.whl", hash = "sha256:26d6d5aede5d54fb055779460f896d9c1473c6fb996716bd11cb90f027d8fee7", size = 10452747, upload-time = "2026-03-24T22:32:32.662Z" },
    { url = "https://files.pythonhosted.org/packages/00/13/74cb9de356b9ceb3f281ab048f8c4ac2207122161b0ac0066886ce129abe/ty-0.0.25-py3-none-macosx_10_12_x86_64.whl", hash = "sha256:aedcfbc7b6b96dbc55b0da78fa02bd049373ff3d8a827f613dadd8bd17d10758", size = 10271349, upload-time = "2026-03-24T22:32:13.041Z" },
    { url = "https://files.pythonhosted.org/packages/0e/93/ffc5a20cc9e14fa9b32b0c54884864bede30d144ce2ae013805bce0c86d0/ty-0.0.25-py3-none-macosx_11_0_arm64.whl", hash = "sha256:0a8fb3c1e28f73618941811e2568dca195178a1a6314651d4ee97086a4497253", size = 9730308, upload-time = "2026-03-24T22:32:19.24Z" },
    { url = "https://files.pythonhosted.org/packages/6d/78/52e05ef32a5f172fce70633a4e19d8e04364271a4322ae12382c7344b0de/ty-0.0.25-py3-none-manylinux_2_17_aarch64.manylinux2014_aarch64.whl", hash = "sha256:814870b7f347b5d0276304cddb98a0958f08de183bf159abc920ebe321247ad4", size = 10247664, upload-time = "2026-03-24T22:32:08.669Z" },
    { url = "https://files.pythonhosted.org/packages/c2/64/0d0a47ed0aa1d634c666c2cc15d3b0af4b95d0fd3dbb796032bd493f3433/ty-0.0.25-py3-none-manylinux_2_17_armv7l.manylinux2014_armv7l.whl", hash = "sha256:781150e23825dc110cd5e1f50ca3d61664f7a5db5b4a55d5dbf7d3b1e246b917", size = 10261961, upload-time = "2026-03-24T22:32:43.935Z" },
    { url = "https://files.pythonhosted.org/packages/3e/ba/4666b96f0499465efb97c244554107c541d74a1add393e62276b3de9b54f/ty-0.0.25-py3-none-manylinux_2_17_i686.manylinux2014_i686.whl", hash = "sha256:ffc81ff2a0143911321251dc81d1c259fa5cdc56d043019a733c845d55409e2a", size = 10746076, upload-time = "2026-03-24T22:32:26.37Z" },
    { url = "https://files.pythonhosted.org/packages/e7/ed/aa958ccbcd85cc206600e48fbf0a1c27aef54b4b90112d9a73f69ed0c739/ty-0.0.25-py3-none-manylinux_2_17_ppc64le.manylinux2014_ppc64le.whl", hash = "sha256:f03c5c5b5c10355ea030cbe3cd93b2e759b9492c66688288ea03a68086069f2e", size = 11287331, upload-time = "2026-03-24T22:32:21.607Z" },
    { url = "https://files.pythonhosted.org/packages/26/e4/f4a004e1952e6042f5bfeeb7d09cffb379270ef009d9f8568471863e86e6/ty-0.0.25-py3-none-manylinux_2_17_s390x.manylinux2014_s390x.whl", hash = "sha256:7fc1ef49cd6262eb9223ccf6e258ac899aaa53e7dc2151ba65a2c9fa248dfa75", size = 11028804, upload-time = "2026-03-24T22:32:39.088Z" },
    { url = "https://files.pythonhosted.org/packages/56/32/5c15bb8ea20ed54d43c734f253a2a5da95d41474caecf4ef3682df9f68f5/ty-0.0.25-py3-none-manylinux_2_17_x86_64.manylinux2014_x86_64.whl", hash = "sha256:7ad98da1393161096235a387cc36abecd31861060c68416761eccdb7c1bc326b", size = 10845246, upload-time = "2026-03-24T22:32:41.33Z" },
    { url = "https://files.pythonhosted.org/packages/6f/fe/4ddd83e810c8682fcfada0d1c9d38936a34a024d32d7736075c1e53a038e/ty-0.0.25-py3-none-musllinux_1_2_aarch64.whl", hash = "sha256:2d4336aa5381eb4eab107c3dec75fe22943a648ef6646f5a8431ef1c8cdabb66", size = 10233515, upload-time = "2026-03-24T22:32:17.012Z" },
    { url = "https://files.pythonhosted.org/packages/ad/db/9fe54f6fb952e5b218f2e661e64ed656512edf2046cfbb9c159558e255db/ty-0.0.25-py3-none-musllinux_1_2_armv7l.whl", hash = "sha256:e10ed39564227de2b7bd89398250b65daaedbef15a25cef8eee70078f5d9e0b2", size = 10275289, upload-time = "2026-03-24T22:32:28.21Z" },
    { url = "https://files.pythonhosted.org/packages/b1/e0/090d7b33791b42bc7ec29463ac6a634738e16b289e027608ebe542682773/ty-0.0.25-py3-none-musllinux_1_2_i686.whl", hash = "sha256:aca04e9ed9b61c706064a1c0b71a247c3f92f373d0222103f3bc54b649421796", size = 10461195, upload-time = "2026-03-24T22:32:24.252Z" },
    { url = "https://files.pythonhosted.org/packages/42/31/5bf12bce01b80b72a7a4e627380779b41510e730f6000862a1d078e423f7/ty-0.0.25-py3-none-musllinux_1_2_x86_64.whl", hash = "sha256:18a5443e4ef339c1bd8c57fc13112c22080617ea582bfc22b497d82d65361325", size = 10931471, upload-time = "2026-03-24T22:32:14.985Z" },
    { url = "https://files.pythonhosted.org/packages/6a/5e/ab60c11f8a6dd2a0ae96daac83458ef2e9be1ae70481d1ad9c59d3eaf20f/ty-0.0.25-py3-none-win32.whl", hash = "sha256:a685b9a611b69195b5a557e05dbb7ebcd12815f6c32fb27fdf15edeb1fa33d8f", size = 9835974, upload-time = "2026-03-24T22:32:36.86Z" },
    { url = "https://files.pythonhosted.org/packages/41/55/625acc2ef34646268bc2baa8fdd6e22fb47cd5965e2acd3be92c687fb6b0/ty-0.0.25-py3-none-win_amd64.whl", hash = "sha256:0d4d37a1f1ab7f2669c941c38c65144ff223eb51ececd7ccfc0d623afbc0f729", size = 10815449, upload-time = "2026-03-24T22:32:11.031Z" },
    { url = "https://files.pythonhosted.org/packages/82/c7/0147bfb543df97740b45b222c54ff79ef20fa57f14b9d2c1dab3cd7d3faa/ty-0.0.25-py3-none-win_arm64.whl", hash = "sha256:d80b8cd965cbacbfd887ac2d985f5b6da09b7aa3569371e2894e0b30b26b89cd", size = 10225494, upload-time = "2026-03-24T22:32:30.611Z" },
]
